
Microsoft Visual Studio Solution File, Format Version 12.00
# Visual Studio Version 16
VisualStudioVersion = 16.0.28803.352
MinimumVisualStudioVersion = 10.0.40219.1
Project("{FAE04EC0-301F-11D3-BF4B-00C04F79EFBC}") = "TwitchDownloader", "TwitchDownloader\TwitchDownloader.csproj", "{11768826-A184-4E62-B77C-2CF818242384}"
EndProject
Global
	GlobalSection(SolutionConfigurationPlatforms) = preSolution
		Debug|Any CPU = Debug|Any CPU
		Debug|x64 = Debug|x64
		Debug|x86 = Debug|x86
		Release|Any CPU = Release|Any CPU
		Release|x64 = Release|x64
		Release|x86 = Release|x86
	EndGlobalSection
	GlobalSection(ProjectConfigurationPlatforms) = postSolution
		{11768826-A184-4E62-B77C-2CF818242384}.Debug|Any CPU.ActiveCfg = Debug|Any CPU
		{11768826-A184-4E62-B77C-2CF818242384}.Debug|Any CPU.Build.0 = Debug|Any CPU
		{11768826-A184-4E62-B77C-2CF818242384}.Debug|x64.ActiveCfg = Debug|x64
		{11768826-A184-4E62-B77C-2CF818242384}.Debug|x64.Build.0 = Debug|x64
		{11768826-A184-4E62-B77C-2CF818242384}.Debug|x86.ActiveCfg = Debug|x86
		{11768826-A184-4E62-B77C-2CF818242384}.Debug|x86.Build.0 = Debug|x86
		{11768826-A184-4E62-B77C-2CF818242384}.Release|Any CPU.ActiveCfg = Release|Any CPU
		{11768826-A184-4E62-B77C-2CF818242384}.Release|Any CPU.Build.0 = Release|Any CPU
		{11768826-A184-4E62-B77C-2CF818242384}.Release|x64.ActiveCfg = Release|x64
		{11768826-A184-4E62-B77C-2CF818242384}.Release|x64.Build.0 = Release|x64
		{11768826-A184-4E62-B77C-2CF818242384}.Release|x86.ActiveCfg = Release|x86
		{11768826-A184-4E62-B77C-2CF818242384}.Release|x86.Build.0 = Release|x86
	EndGlobalSection
	GlobalSection(SolutionProperties) = preSolution
		HideSolutionNode = FALSE
	EndGlobalSection
	GlobalSection(ExtensibilityGlobals) = postSolution
		SolutionGuid = {11217EF1-6708-48D6-BF64-2C2851D4F1F3}
	EndGlobalSection
EndGlobal
